
Microsoft Visual Studio Solution File, Format Version 12.00
# Visual Studio Version 17
VisualStudioVersion = 17.10.35013.160
MinimumVisualStudioVersion = 10.0.40219.1
Project("{FAE04EC0-301F-11D3-BF4B-00C04F79EFBC}") = "EnumsApp", "EnumsApp.csproj", "{76808B9A-4624-41A8-A34C-08179C99661F}"
EndProject
Global
	GlobalSection(SolutionConfigurationPlatforms) = preSolution
		Debug|Any CPU = Debug|Any CPU
		Release|Any CPU = Release|Any CPU
	EndGlobalSection
	GlobalSection(ProjectConfigurationPlatforms) = postSolution
		{76808B9A-4624-41A8-A34C-08179C99661F}.Debug|Any CPU.ActiveCfg = Debug|Any CPU
		{76808B9A-4624-41A8-A34C-08179C99661F}.Debug|Any CPU.Build.0 = Debug|Any CPU
		{76808B9A-4624-41A8-A34C-08179C99661F}.Release|Any CPU.ActiveCfg = Release|Any CPU
		{76808B9A-4624-41A8-A34C-08179C99661F}.Release|Any CPU.Build.0 = Release|Any CPU
	EndGlobalSection
	GlobalSection(SolutionProperties) = preSolution
		HideSolutionNode = FALSE
	EndGlobalSection
	GlobalSection(ExtensibilityGlobals) = postSolution
		SolutionGuid = {BEFDE0DD-6D6D-46D3-9479-BBB6D01A88F2}
	EndGlobalSection
EndGlobal
